dependencies:
- name: postgresql
  repository: oci://registry-1.docker.io/bitnamicharts
  version: 18.11.0
- name: redis
  repository: oci://registry-1.docker.io/bitnamicharts
  version: 24.0.0
digest: sha256:1bfd13b4ce0816e70f7f4603dc2271273814539ddc7e8b2ae07678170162abda
generated: "2026-09-10T16:25:10.838875109Z"
